
Microsoft Visual Studio Solution File, Format Version 12.00
# Visual Studio Version 17
VisualStudioVersion = 17.8.34330.188
MinimumVisualStudioVersion = 10.0.40219.1
Project("{9A19103F-16F7-4668-BE54-9A1E7A4F7556}") = "MVVMDialogsModule", "MVVMDialogsModule.Views\MVVMDialogsModule.csproj", "{F7CF2422-D848-4E6E-9E54-0FA4BEA199F0}"
EndProject
Project("{FAE04EC0-301F-11D3-BF4B-00C04F79EFBC}") = "MVVMDialogsModule.Samples", "MVVMDialogsModule.Samples\MVVMDialogsModule.Samples.csproj", "{BBFE2F3B-E6AF-4195-9CDF-D0945B2102B2}"
EndProject
Global
	GlobalSection(SolutionConfigurationPlatforms) = preSolution
		Debug|Any CPU = Debug|Any CPU
		Release|Any CPU = Release|Any CPU
	EndGlobalSection
	GlobalSection(ProjectConfigurationPlatforms) = postSolution
		{F7CF2422-D848-4E6E-9E54-0FA4BEA199F0}.Debug|Any CPU.ActiveCfg = Debug|Any CPU
		{F7CF2422-D848-4E6E-9E54-0FA4BEA199F0}.Debug|Any CPU.Build.0 = Debug|Any CPU
		{F7CF2422-D848-4E6E-9E54-0FA4BEA199F0}.Release|Any CPU.ActiveCfg = Release|Any CPU
		{F7CF2422-D848-4E6E-9E54-0FA4BEA199F0}.Release|Any CPU.Build.0 = Release|Any CPU
		{BBFE2F3B-E6AF-4195-9CDF-D0945B2102B2}.Debug|Any CPU.ActiveCfg = Debug|Any CPU
		{BBFE2F3B-E6AF-4195-9CDF-D0945B2102B2}.Debug|Any CPU.Build.0 = Debug|Any CPU
		{BBFE2F3B-E6AF-4195-9CDF-D0945B2102B2}.Release|Any CPU.ActiveCfg = Release|Any CPU
		{BBFE2F3B-E6AF-4195-9CDF-D0945B2102B2}.Release|Any CPU.Build.0 = Release|Any CPU
	EndGlobalSection
	GlobalSection(SolutionProperties) = preSolution
		HideSolutionNode = FALSE
	EndGlobalSection
	GlobalSection(ExtensibilityGlobals) = postSolution
		SolutionGuid = {C18F3E9E-C94B-4A9C-BDEB-37F3C0CD1A6B}
	EndGlobalSection
EndGlobal
